// !$*UTF8*$!
{
	archiveVersion = 1;
	classes = {
	};
	objectVersion = 56;
	objects = {

/* Begin PBXBuildFile section */
		6861153829EE243A005A5E19 /* AppDelegate.swift in Sources */ = {isa = PBXBuildFile; fileRef = 6861153729EE243A005A5E19 /* AppDelegate.swift */; };
		6861153A29EE243A005A5E19 /* SceneDelegate.swift in Sources */ = {isa = PBXBuildFile; fileRef = 6861153929EE243A005A5E19 /* SceneDelegate.swift */; };
		6861153C29EE243A005A5E19 /* ViewController.swift in Sources */ = {isa = PBXBuildFile; fileRef = 6861153B29EE243A005A5E19 /* ViewController.swift */; };
		6861153F29EE243A005A5E19 /* Main.storyboard in Resources */ = {isa = PBXBuildFile; fileRef = 6861153D29EE243A005A5E19 /* Main.storyboard */; };
		6861154129EE243B005A5E19 /* Assets.xcassets in Resources */ = {isa = PBXBuildFile; fileRef = 6861154029EE243B005A5E19 /* Assets.xcassets */; };
		6861154429EE243B005A5E19 /* LaunchScreen.storyboard in Resources */ = {isa = PBXBuildFile; fileRef = 6861154229EE243B005A5E19 /* LaunchScreen.storyboard */; };
		6861154D29EE38B7005A5E19 /* level1.txt in Resources */ = {isa = PBXBuildFile; fileRef = 6861154B29EE38B7005A5E19 /* level1.txt */; };
		6861154E29EE38B7005A5E19 /* level2.txt in Resources */ = {isa = PBXBuildFile; fileRef = 6861154C29EE38B7005A5E19 /* level2.txt */; };
/* End PBXBuildFile section */

/* Begin PBXFileReference section */
		6861153429EE243A005A5E19 /* Project-8_Swifty_Words.app */ = {isa = PBXFileReference; explicitFileType = wrapper.application; includeInIndex = 0; path = "Project-8_Swifty_Words.app"; sourceTree = BUILT_PRODUCTS_DIR; };
		6861153729EE243A005A5E19 /* AppDelegate.swift */ = {isa = PBXFileReference; lastKnownFileType = sourcecode.swift; path = AppDelegate.swift; sourceTree = "<group>"; };
		6861153929EE243A005A5E19 /* SceneDelegate.swift */ = {isa = PBXFileReference; lastKnownFileType = sourcecode.swift; path = SceneDelegate.swift; sourceTree = "<group>"; };
		6861153B29EE243A005A5E19 /* ViewController.swift */ = {isa = PBXFileReference; lastKnownFileType = sourcecode.swift; path = ViewController.swift; sourceTree = "<group>"; };
		6861153E29EE243A005A5E19 /* Base */ = {isa = PBXFileReference; lastKnownFileType = file.storyboard; name = Base; path = Base.lproj/Main.storyboard; sourceTree = "<group>"; };
		6861154029EE243B005A5E19 /* Assets.xcassets */ = {isa = PBXFileReference; lastKnownFileType = folder.assetcatalog; path = Assets.xcassets; sourceTree = "<group>"; };
		6861154329EE243B005A5E19 /* Base */ = {isa = PBXFileReference; lastKnownFileType = file.storyboard; name = Base; path = Base.lproj/LaunchScreen.storyboard; sourceTree = "<group>"; };
		6861154529EE243B005A5E19 /* Info.plist */ = {isa = PBXFileReference; lastKnownFileType = text.plist.xml; path = Info.plist; sourceTree = "<group>"; };
		6861154B29EE38B7005A5E19 /* level1.txt */ = {isa = PBXFileReference; fileEncoding = 4; lastKnownFileType = text; path = level1.txt; sourceTree = "<group>"; };
		6861154C29EE38B7005A5E19 /* level2.txt */ = {isa = PBXFileReference; fileEncoding = 4; lastKnownFileType = text; path = level2.txt; sourceTree = "<group>"; };
/* End PBXFileReference section */

/* Begin PBXFrameworksBuildPhase section */
		6861153129EE243A005A5E19 /* Frameworks */ = {
			isa = PBXFrameworksBuildPhase;
			buildActionMask = 2147483647;
			files = (
			);
			runOnlyForDeploymentPostprocessing = 0;
		};
/* End PBXFrameworksBuildPhase section */

/* Begin PBXGroup section */
		6861152B29EE243A005A5E19 = {
			isa = PBXGroup;
			children = (
				6861153629EE243A005A5E19 /* Project-8_Swifty_Words */,
				6861153529EE243A005A5E19 /* Products */,
			);
			sourceTree = "<group>";
		};
		6861153529EE243A005A5E19 /* Products */ = {
			isa = PBXGroup;
			children = (
				6861153429EE243A005A5E19 /* Project-8_Swifty_Words.app */,
			);
			name = Products;
			sourceTree = "<group>";
		};
		6861153629EE243A005A5E19 /* Project-8_Swifty_Words */ = {
			isa = PBXGroup;
			children = (
				6861153729EE243A005A5E19 /* AppDelegate.swift */,
				6861153929EE243A005A5E19 /* SceneDelegate.swift */,
				6861153B29EE243A005A5E19 /* ViewController.swift */,
				6861153D29EE243A005A5E19 /* Main.storyboard */,
				6861154029EE243B005A5E19 /* Assets.xcassets */,
				6861154229EE243B005A5E19 /* LaunchScreen.storyboard */,
				6861154529EE243B005A5E19 /* Info.plist */,
				6861154B29EE38B7005A5E19 /* level1.txt */,
				6861154C29EE38B7005A5E19 /* level2.txt */,
			);
			path = "Project-8_Swifty_Words";
			sourceTree = "<group>";
		};
/* End PBXGroup section */

/* Begin PBXNativeTarget section */
		6861153329EE243A005A5E19 /* Project-8_Swifty_Words */ = {
			isa = PBXNativeTarget;
			buildConfigurationList = 6861154829EE243B005A5E19 /* Build configuration list for PBXNativeTarget "Project-8_Swifty_Words" */;
			buildPhases = (
				6861153029EE243A005A5E19 /* Sources */,
				6861153129EE243A005A5E19 /* Frameworks */,
				6861153229EE243A005A5E19 /* Resources */,
			);
			buildRules = (
			);
			dependencies = (
			);
			name = "Project-8_Swifty_Words";
			productName = "Project-8_Swifty_Words";
			productReference = 6861153429EE243A005A5E19 /* Project-8_Swifty_Words.app */;
			productType = "com.apple.product-type.application";
		};
/* End PBXNativeTarget section */

/* Begin PBXProject section */
		6861152C29EE243A005A5E19 /* Project object */ = {
			isa = PBXProject;
			attributes = {
				BuildIndependentTargetsInParallel = 1;
				LastSwiftUpdateCheck = 1420;
				LastUpgradeCheck = 1420;
				TargetAttributes = {
					6861153329EE243A005A5E19 = {
						CreatedOnToolsVersion = 14.2;
					};
				};
			};
			buildConfigurationList = 6861152F29EE243A005A5E19 /* Build configuration list for PBXProject "Project-8_Swifty_Words" */;
			compatibilityVersion = "Xcode 14.0";
			developmentRegion = en;
			hasScannedForEncodings = 0;
			knownRegions = (
				en,
				Base,
			);
			mainGroup = 6861152B29EE243A005A5E19;
			productRefGroup = 6861153529EE243A005A5E19 /* Products */;
			projectDirPath = "";
			projectRoot = "";
			targets = (
				6861153329EE243A005A5E19 /* Project-8_Swifty_Words */,
			);
		};
/* End PBXProject section */

/* Begin PBXResourcesBuildPhase section */
		6861153229EE243A005A5E19 /* Resources */ = {
			isa = PBXResourcesBuildPhase;
			buildActionMask = 2147483647;
			files = (
				6861154E29EE38B7005A5E19 /* level2.txt in Resources */,
				6861154429EE243B005A5E19 /* LaunchScreen.storyboard in Resources */,
				6861154D29EE38B7005A5E19 /* level1.txt in Resources */,
				6861154129EE243B005A5E19 /* Assets.xcassets in Resources */,
				6861153F29EE243A005A5E19 /* Main.storyboard in Resources */,
			);
			runOnlyForDeploymentPostprocessing = 0;
		};
/* End PBXResourcesBuildPhase section */

/* Begin PBXSourcesBuildPhase section */
		6861153029EE243A005A5E19 /* Sources */ = {
			isa = PBXSourcesBuildPhase;
			buildActionMask = 2147483647;
			files = (
				6861153C29EE243A005A5E19 /* ViewController.swift in Sources */,
				6861153829EE243A005A5E19 /* AppDelegate.swift in Sources */,
				6861153A29EE243A005A5E19 /* SceneDelegate.swift in Sources */,
			);
			runOnlyForDeploymentPostprocessing = 0;
		};
/* End PBXSourcesBuildPhase section */

/* Begin PBXVariantGroup section */
		6861153D29EE243A005A5E19 /* Main.storyboard */ = {
			isa = PBXVariantGroup;
			children = (
				6861153E29EE243A005A5E19 /* Base */,
			);
			name = Main.storyboard;
			sourceTree = "<group>";
		};
		6861154229EE243B005A5E19 /* LaunchScreen.storyboard */ = {
			isa = PBXVariantGroup;
			children = (
				6861154329EE243B005A5E19 /* Base */,
			);
			name = LaunchScreen.storyboard;
			sourceTree = "<group>";
		};
/* End PBXVariantGroup section */

/* Begin XCBuildConfiguration section */
		6861154629EE243B005A5E19 /* Debug */ = {
			isa = XCBuildConfiguration;
			buildSettings = {
				ALWAYS_SEARCH_USER_PATHS = NO;
				CLANG_ANALYZER_NONNULL = YES;
				CLANG_ANALYZER_NUMBER_OBJECT_CONVERSION = YES_AGGRESSIVE;
				CLANG_CXX_LANGUAGE_STANDARD = "gnu++20";
				CLANG_ENABLE_MODULES = YES;
				CLANG_ENABLE_OBJC_ARC = YES;
				CLANG_ENABLE_OBJC_WEAK = YES;
				CLANG_WARN_BLOCK_CAPTURE_AUTORELEASING = YES;
				CLANG_WARN_BOOL_CONVERSION = YES;
				CLANG_WARN_COMMA = YES;
				CLANG_WARN_CONSTANT_CONVERSION = YES;
				CLANG_WARN_DEPRECATED_OBJC_IMPLEMENTATIONS = YES;
				CLANG_WARN_DIRECT_OBJC_ISA_USAGE = YES_ERROR;
				CLANG_WARN_DOCUMENTATION_COMMENTS = YES;
				CLANG_WARN_EMPTY_BODY = YES;
				CLANG_WARN_ENUM_CONVERSION = YES;
				CLANG_WARN_INFINITE_RECURSION = YES;
				CLANG_WARN_INT_CONVERSION = YES;
				CLANG_WARN_NON_LITERAL_NULL_CONVERSION = YES;
				CLANG_WARN_OBJC_IMPLICIT_RETAIN_SELF = YES;
				CLANG_WARN_OBJC_LITERAL_CONVERSION = YES;
				CLANG_WARN_OBJC_ROOT_CLASS = YES_ERROR;
				CLANG_WARN_QUOTED_INCLUDE_IN_FRAMEWORK_HEADER = YES;
				CLANG_WARN_RANGE_LOOP_ANALYSIS = YES;
				CLANG_WARN_STRICT_PROTOTYPES = YES;
				CLANG_WARN_SUSPICIOUS_MOVE = YES;
				CLANG_WARN_UNGUARDED_AVAILABILITY = YES_AGGRESSIVE;
				CLANG_WARN_UNREACHABLE_CODE = YES;
				CLANG_WARN__DUPLICATE_METHOD_MATCH = YES;
				COPY_PHASE_STRIP = NO;
				DEBUG_INFORMATION_FORMAT = dwarf;
				ENABLE_STRICT_OBJC_MSGSEND = YES;
				ENABLE_TESTABILITY = YES;
				GCC_C_LANGUAGE_STANDARD = gnu11;
				GCC_DYNAMIC_NO_PIC = NO;
				GCC_NO_COMMON_BLOCKS = YES;
				GCC_OPTIMIZATION_LEVEL = 0;
				GCC_PREPROCESSOR_DEFINITIONS = (
					"DEBUG=1",
					"$(inherited)",
				);
				GCC_WARN_64_TO_32_BIT_CONVERSION = YES;
				GCC_WARN_ABOUT_RETURN_TYPE = YES_ERROR;
				GCC_WARN_UNDECLARED_SELECTOR = YES;
				GCC_WARN_UNINITIALIZED_AUTOS = YES_AGGRESSIVE;
				GCC_WARN_UNUSED_FUNCTION = YES;
				GCC_WARN_UNUSED_VARIABLE = YES;
				IPHONEOS_DEPLOYMENT_TARGET = 16.2;
				MTL_ENABLE_DEBUG_INFO = INCLUDE_SOURCE;
				MTL_FAST_MATH = YES;
				ONLY_ACTIVE_ARCH = YES;
				SDKROOT = iphoneos;
				SWIFT_ACTIVE_COMPILATION_CONDITIONS = DEBUG;
				SWIFT_OPTIMIZATION_LEVEL = "-Onone";
			};
			name = Debug;
		};
		6861154729EE243B005A5E19 /* Release */ = {
			isa = XCBuildConfiguration;
			buildSettings = {
				ALWAYS_SEARCH_USER_PATHS = NO;
				CLANG_ANALYZER_NONNULL = YES;
				CLANG_ANALYZER_NUMBER_OBJECT_CONVERSION = YES_AGGRESSIVE;
				CLANG_CXX_LANGUAGE_STANDARD = "gnu++20";
				CLANG_ENABLE_MODULES = YES;
				CLANG_ENABLE_OBJC_ARC = YES;
				CLANG_ENABLE_OBJC_WEAK = YES;
				CLANG_WARN_BLOCK_CAPTURE_AUTORELEASING = YES;
				CLANG_WARN_BOOL_CONVERSION = YES;
				CLANG_WARN_COMMA = YES;
				CLANG_WARN_CONSTANT_CONVERSION = YES;
				CLANG_WARN_DEPRECATED_OBJC_IMPLEMENTATIONS = YES;
				CLANG_WARN_DIRECT_OBJC_ISA_USAGE = YES_ERROR;
				CLANG_WARN_DOCUMENTATION_COMMENTS = YES;
				CLANG_WARN_EMPTY_BODY = YES;
				CLANG_WARN_ENUM_CONVERSION = YES;
				CLANG_WARN_INFINITE_RECURSION = YES;
				CLANG_WARN_INT_CONVERSION = YES;
				CLANG_WARN_NON_LITERAL_NULL_CONVERSION = YES;
				CLANG_WARN_OBJC_IMPLICIT_RETAIN_SELF = YES;
				CLANG_WARN_OBJC_LITERAL_CONVERSION = YES;
				CLANG_WARN_OBJC_ROOT_CLASS = YES_ERROR;
				CLANG_WARN_QUOTED_INCLUDE_IN_FRAMEWORK_HEADER = YES;
				CLANG_WARN_RANGE_LOOP_ANALYSIS = YES;
				CLANG_WARN_STRICT_PROTOTYPES = YES;
				CLANG_WARN_SUSPICIOUS_MOVE = YES;
				CLANG_WARN_UNGUARDED_AVAILABILITY = YES_AGGRESSIVE;
				CLANG_WARN_UNREACHABLE_CODE = YES;
				CLANG_WARN__DUPLICATE_METHOD_MATCH = YES;
				COPY_PHASE_STRIP = NO;
				DEBUG_INFORMATION_FORMAT = "dwarf-with-dsym";
				ENABLE_NS_ASSERTIONS = NO;
				ENABLE_STRICT_OBJC_MSGSEND = YES;
				GCC_C_LANGUAGE_STANDARD = gnu11;
				GCC_NO_COMMON_BLOCKS = YES;
				GCC_WARN_64_TO_32_BIT_CONVERSION = YES;
				GCC_WARN_ABOUT_RETURN_TYPE = YES_ERROR;
				GCC_WARN_UNDECLARED_SELECTOR = YES;
				GCC_WARN_UNINITIALIZED_AUTOS = YES_AGGRESSIVE;
				GCC_WARN_UNUSED_FUNCTION = YES;
				GCC_WARN_UNUSED_VARIABLE = YES;
				IPHONEOS_DEPLOYMENT_TARGET = 16.2;
				MTL_ENABLE_DEBUG_INFO = NO;
				MTL_FAST_MATH = YES;
				SDKROOT = iphoneos;
				SWIFT_COMPILATION_MODE = wholemodule;
				SWIFT_OPTIMIZATION_LEVEL = "-O";
				VALIDATE_PRODUCT = YES;
			};
			name = Release;
		};
		6861154929EE243B005A5E19 /* Debug */ = {
			isa = XCBuildConfiguration;
			buildSettings = {
				ASSETCATALOG_COMPILER_APPICON_NAME = AppIcon;
				ASSETCATALOG_COMPILER_GLOBAL_ACCENT_COLOR_NAME = AccentColor;
				CODE_SIGN_STYLE = Automatic;
				CURRENT_PROJECT_VERSION = 1;
				DEVELOPMENT_TEAM = N455ZDLHP4;
				GENERATE_INFOPLIST_FILE = YES;
				INFOPLIST_FILE = "Project-8_Swifty_Words/Info.plist";
				INFOPLIST_KEY_UIApplicationSupportsIndirectInputEvents = YES;
				INFOPLIST_KEY_UILaunchStoryboardName = LaunchScreen;
				INFOPLIST_KEY_UIMainStoryboardFile = Main;
				INFOPLIST_KEY_UISupportedInterfaceOrientations_iPad = "UIInterfaceOrientationPortrait UIInterfaceOrientationPortraitUpsideDown UIInterfaceOrientationLandscapeLeft UIInterfaceOrientationLandscapeRight";
				INFOPLIST_KEY_UISupportedInterfaceOrientations_iPhone = "UIInterfaceOrientationPortrait UIInterfaceOrientationLandscapeLeft UIInterfaceOrientationLandscapeRight";
				LD_RUNPATH_SEARCH_PATHS = (
					"$(inherited)",
					"@executable_path/Frameworks",
				);
				MARKETING_VERSION = 1.0;
				PRODUCT_BUNDLE_IDENTIFIER = "com.marc-anthonymoxey.Project-8-Swifty-Words";
				PRODUCT_NAME = "$(TARGET_NAME)";
				SWIFT_EMIT_LOC_STRINGS = YES;
				SWIFT_VERSION = 5.0;
				TARGETED_DEVICE_FAMILY = "1,2";
			};
			name = Debug;
		};
		6861154A29EE243B005A5E19 /* Release */ = {
			isa = XCBuildConfiguration;
			buildSettings = {
				ASSETCATALOG_COMPILER_APPICON_NAME = AppIcon;
				ASSETCATALOG_COMPILER_GLOBAL_ACCENT_COLOR_NAME = AccentColor;
				CODE_SIGN_STYLE = Automatic;
				CURRENT_PROJECT_VERSION = 1;
				DEVELOPMENT_TEAM = N455ZDLHP4;
				GENERATE_INFOPLIST_FILE = YES;
				INFOPLIST_FILE = "Project-8_Swifty_Words/Info.plist";
				INFOPLIST_KEY_UIApplicationSupportsIndirectInputEvents = YES;
				INFOPLIST_KEY_UILaunchStoryboardName = LaunchScreen;
				INFOPLIST_KEY_UIMainStoryboardFile = Main;
				INFOPLIST_KEY_UISupportedInterfaceOrientations_iPad = "UIInterfaceOrientationPortrait UIInterfaceOrientationPortraitUpsideDown UIInterfaceOrientationLandscapeLeft UIInterfaceOrientationLandscapeRight";
				INFOPLIST_KEY_UISupportedInterfaceOrientations_iPhone = "UIInterfaceOrientationPortrait UIInterfaceOrientationLandscapeLeft UIInterfaceOrientationLandscapeRight";
				LD_RUNPATH_SEARCH_PATHS = (
					"$(inherited)",
					"@executable_path/Frameworks",
				);
				MARKETING_VERSION = 1.0;
				PRODUCT_BUNDLE_IDENTIFIER = "com.marc-anthonymoxey.Project-8-Swifty-Words";
				PRODUCT_NAME = "$(TARGET_NAME)";
				SWIFT_EMIT_LOC_STRINGS = YES;
				SWIFT_VERSION = 5.0;
				TARGETED_DEVICE_FAMILY = "1,2";
			};
			name = Release;
		};
/* End XCBuildConfiguration section */

/* Begin XCConfigurationList section */
		6861152F29EE243A005A5E19 /* Build configuration list for PBXProject "Project-8_Swifty_Words" */ = {
			isa = XCConfigurationList;
			buildConfigurations = (
				6861154629EE243B005A5E19 /* Debug */,
				6861154729EE243B005A5E19 /* Release */,
			);
			defaultConfigurationIsVisible = 0;
			defaultConfigurationName = Release;
		};
		6861154829EE243B005A5E19 /* Build configuration list for PBXNativeTarget "Project-8_Swifty_Words" */ = {
			isa = XCConfigurationList;
			buildConfigurations = (
				6861154929EE243B005A5E19 /* Debug */,
				6861154A29EE243B005A5E19 /* Release */,
			);
			defaultConfigurationIsVisible = 0;
			defaultConfigurationName = Release;
		};
/* End XCConfigurationList section */
	};
	rootObject = 6861152C29EE243A005A5E19 /* Project object */;
}
