// !$*UTF8*$!
{
	archiveVersion = 1;
	classes = {
	};
	objectVersion = 56;
	objects = {

/* Begin PBXBuildFile section */
		68CCBE4929E72B3F0029B744 /* AppDelegate.swift in Sources */ = {isa = PBXBuildFile; fileRef = 68CCBE4829E72B3F0029B744 /* AppDelegate.swift */; };
		68CCBE4B29E72B3F0029B744 /* SceneDelegate.swift in Sources */ = {isa = PBXBuildFile; fileRef = 68CCBE4A29E72B3F0029B744 /* SceneDelegate.swift */; };
		68CCBE4D29E72B3F0029B744 /* ViewController.swift in Sources */ = {isa = PBXBuildFile; fileRef = 68CCBE4C29E72B3F0029B744 /* ViewController.swift */; };
		68CCBE5029E72B3F0029B744 /* Main.storyboard in Resources */ = {isa = PBXBuildFile; fileRef = 68CCBE4E29E72B3F0029B744 /* Main.storyboard */; };
		68CCBE5229E72B420029B744 /* Assets.xcassets in Resources */ = {isa = PBXBuildFile; fileRef = 68CCBE5129E72B420029B744 /* Assets.xcassets */; };
		68CCBE5529E72B420029B744 /* LaunchScreen.storyboard in Resources */ = {isa = PBXBuildFile; fileRef = 68CCBE5329E72B420029B744 /* LaunchScreen.storyboard */; };
		68CCBE5D29E72DD10029B744 /* DetailVC.swift in Sources */ = {isa = PBXBuildFile; fileRef = 68CCBE5C29E72DD10029B744 /* DetailVC.swift */; };
		68CCBEA929E7326C0029B744 /* poland@2x.png in Resources */ = {isa = PBXBuildFile; fileRef = 68CCBE9129E7326C0029B744 /* poland@2x.png */; };
		68CCBEAA29E7326C0029B744 /* germany@2x.png in Resources */ = {isa = PBXBuildFile; fileRef = 68CCBE9229E7326C0029B744 /* germany@2x.png */; };
		68CCBEAB29E7326C0029B744 /* france@3x.png in Resources */ = {isa = PBXBuildFile; fileRef = 68CCBE9329E7326C0029B744 /* france@3x.png */; };
		68CCBEAC29E7326C0029B744 /* nigeria@3x.png in Resources */ = {isa = PBXBuildFile; fileRef = 68CCBE9429E7326C0029B744 /* nigeria@3x.png */; };
		68CCBEAD29E7326C0029B744 /* monaco@2x.png in Resources */ = {isa = PBXBuildFile; fileRef = 68CCBE9529E7326C0029B744 /* monaco@2x.png */; };
		68CCBEAE29E7326C0029B744 /* germany@3x.png in Resources */ = {isa = PBXBuildFile; fileRef = 68CCBE9629E7326C0029B744 /* germany@3x.png */; };
		68CCBEAF29E7326C0029B744 /* estonia@2x.png in Resources */ = {isa = PBXBuildFile; fileRef = 68CCBE9729E7326C0029B744 /* estonia@2x.png */; };
		68CCBEB029E7326C0029B744 /* poland@3x.png in Resources */ = {isa = PBXBuildFile; fileRef = 68CCBE9829E7326C0029B744 /* poland@3x.png */; };
		68CCBEB129E7326C0029B744 /* russia@2x.png in Resources */ = {isa = PBXBuildFile; fileRef = 68CCBE9929E7326C0029B744 /* russia@2x.png */; };
		68CCBEB229E7326C0029B744 /* uk@2x.png in Resources */ = {isa = PBXBuildFile; fileRef = 68CCBE9A29E7326C0029B744 /* uk@2x.png */; };
		68CCBEB329E7326C0029B744 /* spain@3x.png in Resources */ = {isa = PBXBuildFile; fileRef = 68CCBE9B29E7326C0029B744 /* spain@3x.png */; };
		68CCBEB429E7326C0029B744 /* italy@3x.png in Resources */ = {isa = PBXBuildFile; fileRef = 68CCBE9C29E7326C0029B744 /* italy@3x.png */; };
		68CCBEB529E7326C0029B744 /* ireland@2x.png in Resources */ = {isa = PBXBuildFile; fileRef = 68CCBE9D29E7326C0029B744 /* ireland@2x.png */; };
		68CCBEB629E7326C0029B744 /* spain@2x.png in Resources */ = {isa = PBXBuildFile; fileRef = 68CCBE9E29E7326C0029B744 /* spain@2x.png */; };
		68CCBEB729E7326C0029B744 /* us@2x.png in Resources */ = {isa = PBXBuildFile; fileRef = 68CCBE9F29E7326C0029B744 /* us@2x.png */; };
		68CCBEB829E7326C0029B744 /* estonia@3x.png in Resources */ = {isa = PBXBuildFile; fileRef = 68CCBEA029E7326C0029B744 /* estonia@3x.png */; };
		68CCBEB929E7326C0029B744 /* us@3x.png in Resources */ = {isa = PBXBuildFile; fileRef = 68CCBEA129E7326C0029B744 /* us@3x.png */; };
		68CCBEBA29E7326C0029B744 /* nigeria@2x.png in Resources */ = {isa = PBXBuildFile; fileRef = 68CCBEA229E7326C0029B744 /* nigeria@2x.png */; };
		68CCBEBB29E7326C0029B744 /* uk@3x.png in Resources */ = {isa = PBXBuildFile; fileRef = 68CCBEA329E7326C0029B744 /* uk@3x.png */; };
		68CCBEBC29E7326C0029B744 /* italy@2x.png in Resources */ = {isa = PBXBuildFile; fileRef = 68CCBEA429E7326C0029B744 /* italy@2x.png */; };
		68CCBEBD29E7326C0029B744 /* ireland@3x.png in Resources */ = {isa = PBXBuildFile; fileRef = 68CCBEA529E7326C0029B744 /* ireland@3x.png */; };
		68CCBEBE29E7326C0029B744 /* monaco@3x.png in Resources */ = {isa = PBXBuildFile; fileRef = 68CCBEA629E7326C0029B744 /* monaco@3x.png */; };
		68CCBEBF29E7326C0029B744 /* russia@3x.png in Resources */ = {isa = PBXBuildFile; fileRef = 68CCBEA729E7326C0029B744 /* russia@3x.png */; };
		68CCBEC029E7326C0029B744 /* france@2x.png in Resources */ = {isa = PBXBuildFile; fileRef = 68CCBEA829E7326C0029B744 /* france@2x.png */; };
/* End PBXBuildFile section */

/* Begin PBXFileReference section */
		68CCBE4529E72B3F0029B744 /* Milestone_Project_1-3.app */ = {isa = PBXFileReference; explicitFileType = wrapper.application; includeInIndex = 0; path = "Milestone_Project_1-3.app"; sourceTree = BUILT_PRODUCTS_DIR; };
		68CCBE4829E72B3F0029B744 /* AppDelegate.swift */ = {isa = PBXFileReference; lastKnownFileType = sourcecode.swift; path = AppDelegate.swift; sourceTree = "<group>"; };
		68CCBE4A29E72B3F0029B744 /* SceneDelegate.swift */ = {isa = PBXFileReference; lastKnownFileType = sourcecode.swift; path = SceneDelegate.swift; sourceTree = "<group>"; };
		68CCBE4C29E72B3F0029B744 /* ViewController.swift */ = {isa = PBXFileReference; lastKnownFileType = sourcecode.swift; path = ViewController.swift; sourceTree = "<group>"; };
		68CCBE4F29E72B3F0029B744 /* Base */ = {isa = PBXFileReference; lastKnownFileType = file.storyboard; name = Base; path = Base.lproj/Main.storyboard; sourceTree = "<group>"; };
		68CCBE5129E72B420029B744 /* Assets.xcassets */ = {isa = PBXFileReference; lastKnownFileType = folder.assetcatalog; path = Assets.xcassets; sourceTree = "<group>"; };
		68CCBE5429E72B420029B744 /* Base */ = {isa = PBXFileReference; lastKnownFileType = file.storyboard; name = Base; path = Base.lproj/LaunchScreen.storyboard; sourceTree = "<group>"; };
		68CCBE5629E72B420029B744 /* Info.plist */ = {isa = PBXFileReference; lastKnownFileType = text.plist.xml; path = Info.plist; sourceTree = "<group>"; };
		68CCBE5C29E72DD10029B744 /* DetailVC.swift */ = {isa = PBXFileReference; lastKnownFileType = sourcecode.swift; path = DetailVC.swift; sourceTree = "<group>"; };
		68CCBE9129E7326C0029B744 /* poland@2x.png */ = {isa = PBXFileReference; lastKnownFileType = image.png; path = "poland@2x.png"; sourceTree = "<group>"; };
		68CCBE9229E7326C0029B744 /* germany@2x.png */ = {isa = PBXFileReference; lastKnownFileType = image.png; path = "germany@2x.png"; sourceTree = "<group>"; };
		68CCBE9329E7326C0029B744 /* france@3x.png */ = {isa = PBXFileReference; lastKnownFileType = image.png; path = "france@3x.png"; sourceTree = "<group>"; };
		68CCBE9429E7326C0029B744 /* nigeria@3x.png */ = {isa = PBXFileReference; lastKnownFileType = image.png; path = "nigeria@3x.png"; sourceTree = "<group>"; };
		68CCBE9529E7326C0029B744 /* monaco@2x.png */ = {isa = PBXFileReference; lastKnownFileType = image.png; path = "monaco@2x.png"; sourceTree = "<group>"; };
		68CCBE9629E7326C0029B744 /* germany@3x.png */ = {isa = PBXFileReference; lastKnownFileType = image.png; path = "germany@3x.png"; sourceTree = "<group>"; };
		68CCBE9729E7326C0029B744 /* estonia@2x.png */ = {isa = PBXFileReference; lastKnownFileType = image.png; path = "estonia@2x.png"; sourceTree = "<group>"; };
		68CCBE9829E7326C0029B744 /* poland@3x.png */ = {isa = PBXFileReference; lastKnownFileType = image.png; path = "poland@3x.png"; sourceTree = "<group>"; };
		68CCBE9929E7326C0029B744 /* russia@2x.png */ = {isa = PBXFileReference; lastKnownFileType = image.png; path = "russia@2x.png"; sourceTree = "<group>"; };
		68CCBE9A29E7326C0029B744 /* uk@2x.png */ = {isa = PBXFileReference; lastKnownFileType = image.png; path = "uk@2x.png"; sourceTree = "<group>"; };
		68CCBE9B29E7326C0029B744 /* spain@3x.png */ = {isa = PBXFileReference; lastKnownFileType = image.png; path = "spain@3x.png"; sourceTree = "<group>"; };
		68CCBE9C29E7326C0029B744 /* italy@3x.png */ = {isa = PBXFileReference; lastKnownFileType = image.png; path = "italy@3x.png"; sourceTree = "<group>"; };
		68CCBE9D29E7326C0029B744 /* ireland@2x.png */ = {isa = PBXFileReference; lastKnownFileType = image.png; path = "ireland@2x.png"; sourceTree = "<group>"; };
		68CCBE9E29E7326C0029B744 /* spain@2x.png */ = {isa = PBXFileReference; lastKnownFileType = image.png; path = "spain@2x.png"; sourceTree = "<group>"; };
		68CCBE9F29E7326C0029B744 /* us@2x.png */ = {isa = PBXFileReference; lastKnownFileType = image.png; path = "us@2x.png"; sourceTree = "<group>"; };
		68CCBEA029E7326C0029B744 /* estonia@3x.png */ = {isa = PBXFileReference; lastKnownFileType = image.png; path = "estonia@3x.png"; sourceTree = "<group>"; };
		68CCBEA129E7326C0029B744 /* us@3x.png */ = {isa = PBXFileReference; lastKnownFileType = image.png; path = "us@3x.png"; sourceTree = "<group>"; };
		68CCBEA229E7326C0029B744 /* nigeria@2x.png */ = {isa = PBXFileReference; lastKnownFileType = image.png; path = "nigeria@2x.png"; sourceTree = "<group>"; };
		68CCBEA329E7326C0029B744 /* uk@3x.png */ = {isa = PBXFileReference; lastKnownFileType = image.png; path = "uk@3x.png"; sourceTree = "<group>"; };
		68CCBEA429E7326C0029B744 /* italy@2x.png */ = {isa = PBXFileReference; lastKnownFileType = image.png; path = "italy@2x.png"; sourceTree = "<group>"; };
		68CCBEA529E7326C0029B744 /* ireland@3x.png */ = {isa = PBXFileReference; lastKnownFileType = image.png; path = "ireland@3x.png"; sourceTree = "<group>"; };
		68CCBEA629E7326C0029B744 /* monaco@3x.png */ = {isa = PBXFileReference; lastKnownFileType = image.png; path = "monaco@3x.png"; sourceTree = "<group>"; };
		68CCBEA729E7326C0029B744 /* russia@3x.png */ = {isa = PBXFileReference; lastKnownFileType = image.png; path = "russia@3x.png"; sourceTree = "<group>"; };
		68CCBEA829E7326C0029B744 /* france@2x.png */ = {isa = PBXFileReference; lastKnownFileType = image.png; path = "france@2x.png"; sourceTree = "<group>"; };
/* End PBXFileReference section */

/* Begin PBXFrameworksBuildPhase section */
		68CCBE4229E72B3F0029B744 /* Frameworks */ = {
			isa = PBXFrameworksBuildPhase;
			buildActionMask = 2147483647;
			files = (
			);
			runOnlyForDeploymentPostprocessing = 0;
		};
/* End PBXFrameworksBuildPhase section */

/* Begin PBXGroup section */
		68CCBE3C29E72B3F0029B744 = {
			isa = PBXGroup;
			children = (
				68CCBE4729E72B3F0029B744 /* Milestone_Project_1-3 */,
				68CCBE4629E72B3F0029B744 /* Products */,
			);
			sourceTree = "<group>";
		};
		68CCBE4629E72B3F0029B744 /* Products */ = {
			isa = PBXGroup;
			children = (
				68CCBE4529E72B3F0029B744 /* Milestone_Project_1-3.app */,
			);
			name = Products;
			sourceTree = "<group>";
		};
		68CCBE4729E72B3F0029B744 /* Milestone_Project_1-3 */ = {
			isa = PBXGroup;
			children = (
				68CCBE9029E7324E0029B744 /* Contents */,
				68CCBE4829E72B3F0029B744 /* AppDelegate.swift */,
				68CCBE4A29E72B3F0029B744 /* SceneDelegate.swift */,
				68CCBE4C29E72B3F0029B744 /* ViewController.swift */,
				68CCBE5C29E72DD10029B744 /* DetailVC.swift */,
				68CCBE4E29E72B3F0029B744 /* Main.storyboard */,
				68CCBE5129E72B420029B744 /* Assets.xcassets */,
				68CCBE5329E72B420029B744 /* LaunchScreen.storyboard */,
				68CCBE5629E72B420029B744 /* Info.plist */,
			);
			path = "Milestone_Project_1-3";
			sourceTree = "<group>";
		};
		68CCBE9029E7324E0029B744 /* Contents */ = {
			isa = PBXGroup;
			children = (
				68CCBE9729E7326C0029B744 /* estonia@2x.png */,
				68CCBEA029E7326C0029B744 /* estonia@3x.png */,
				68CCBEA829E7326C0029B744 /* france@2x.png */,
				68CCBE9329E7326C0029B744 /* france@3x.png */,
				68CCBE9229E7326C0029B744 /* germany@2x.png */,
				68CCBE9629E7326C0029B744 /* germany@3x.png */,
				68CCBE9D29E7326C0029B744 /* ireland@2x.png */,
				68CCBEA529E7326C0029B744 /* ireland@3x.png */,
				68CCBEA429E7326C0029B744 /* italy@2x.png */,
				68CCBE9C29E7326C0029B744 /* italy@3x.png */,
				68CCBE9529E7326C0029B744 /* monaco@2x.png */,
				68CCBEA629E7326C0029B744 /* monaco@3x.png */,
				68CCBEA229E7326C0029B744 /* nigeria@2x.png */,
				68CCBE9429E7326C0029B744 /* nigeria@3x.png */,
				68CCBE9129E7326C0029B744 /* poland@2x.png */,
				68CCBE9829E7326C0029B744 /* poland@3x.png */,
				68CCBE9929E7326C0029B744 /* russia@2x.png */,
				68CCBEA729E7326C0029B744 /* russia@3x.png */,
				68CCBE9E29E7326C0029B744 /* spain@2x.png */,
				68CCBE9B29E7326C0029B744 /* spain@3x.png */,
				68CCBE9A29E7326C0029B744 /* uk@2x.png */,
				68CCBEA329E7326C0029B744 /* uk@3x.png */,
				68CCBE9F29E7326C0029B744 /* us@2x.png */,
				68CCBEA129E7326C0029B744 /* us@3x.png */,
			);
			path = Contents;
			sourceTree = "<group>";
		};
/* End PBXGroup section */

/* Begin PBXNativeTarget section */
		68CCBE4429E72B3F0029B744 /* Milestone_Project_1-3 */ = {
			isa = PBXNativeTarget;
			buildConfigurationList = 68CCBE5929E72B420029B744 /* Build configuration list for PBXNativeTarget "Milestone_Project_1-3" */;
			buildPhases = (
				68CCBE4129E72B3F0029B744 /* Sources */,
				68CCBE4229E72B3F0029B744 /* Frameworks */,
				68CCBE4329E72B3F0029B744 /* Resources */,
			);
			buildRules = (
			);
			dependencies = (
			);
			name = "Milestone_Project_1-3";
			productName = "Milestone_Project_1-3";
			productReference = 68CCBE4529E72B3F0029B744 /* Milestone_Project_1-3.app */;
			productType = "com.apple.product-type.application";
		};
/* End PBXNativeTarget section */

/* Begin PBXProject section */
		68CCBE3D29E72B3F0029B744 /* Project object */ = {
			isa = PBXProject;
			attributes = {
				BuildIndependentTargetsInParallel = 1;
				LastSwiftUpdateCheck = 1420;
				LastUpgradeCheck = 1420;
				TargetAttributes = {
					68CCBE4429E72B3F0029B744 = {
						CreatedOnToolsVersion = 14.2;
					};
				};
			};
			buildConfigurationList = 68CCBE4029E72B3F0029B744 /* Build configuration list for PBXProject "Milestone_Project_1-3" */;
			compatibilityVersion = "Xcode 14.0";
			developmentRegion = en;
			hasScannedForEncodings = 0;
			knownRegions = (
				en,
				Base,
			);
			mainGroup = 68CCBE3C29E72B3F0029B744;
			productRefGroup = 68CCBE4629E72B3F0029B744 /* Products */;
			projectDirPath = "";
			projectRoot = "";
			targets = (
				68CCBE4429E72B3F0029B744 /* Milestone_Project_1-3 */,
			);
		};
/* End PBXProject section */

/* Begin PBXResourcesBuildPhase section */
		68CCBE4329E72B3F0029B744 /* Resources */ = {
			isa = PBXResourcesBuildPhase;
			buildActionMask = 2147483647;
			files = (
				68CCBEB229E7326C0029B744 /* uk@2x.png in Resources */,
				68CCBEAF29E7326C0029B744 /* estonia@2x.png in Resources */,
				68CCBEB129E7326C0029B744 /* russia@2x.png in Resources */,
				68CCBEB929E7326C0029B744 /* us@3x.png in Resources */,
				68CCBEAE29E7326C0029B744 /* germany@3x.png in Resources */,
				68CCBEA929E7326C0029B744 /* poland@2x.png in Resources */,
				68CCBE5529E72B420029B744 /* LaunchScreen.storyboard in Resources */,
				68CCBEB829E7326C0029B744 /* estonia@3x.png in Resources */,
				68CCBEB729E7326C0029B744 /* us@2x.png in Resources */,
				68CCBEB429E7326C0029B744 /* italy@3x.png in Resources */,
				68CCBEAB29E7326C0029B744 /* france@3x.png in Resources */,
				68CCBEBD29E7326C0029B744 /* ireland@3x.png in Resources */,
				68CCBE5229E72B420029B744 /* Assets.xcassets in Resources */,
				68CCBEAA29E7326C0029B744 /* germany@2x.png in Resources */,
				68CCBEC029E7326C0029B744 /* france@2x.png in Resources */,
				68CCBEB529E7326C0029B744 /* ireland@2x.png in Resources */,
				68CCBEB029E7326C0029B744 /* poland@3x.png in Resources */,
				68CCBEB629E7326C0029B744 /* spain@2x.png in Resources */,
				68CCBEAC29E7326C0029B744 /* nigeria@3x.png in Resources */,
				68CCBE5029E72B3F0029B744 /* Main.storyboard in Resources */,
				68CCBEBA29E7326C0029B744 /* nigeria@2x.png in Resources */,
				68CCBEBB29E7326C0029B744 /* uk@3x.png in Resources */,
				68CCBEAD29E7326C0029B744 /* monaco@2x.png in Resources */,
				68CCBEBF29E7326C0029B744 /* russia@3x.png in Resources */,
				68CCBEBC29E7326C0029B744 /* italy@2x.png in Resources */,
				68CCBEBE29E7326C0029B744 /* monaco@3x.png in Resources */,
				68CCBEB329E7326C0029B744 /* spain@3x.png in Resources */,
			);
			runOnlyForDeploymentPostprocessing = 0;
		};
/* End PBXResourcesBuildPhase section */

/* Begin PBXSourcesBuildPhase section */
		68CCBE4129E72B3F0029B744 /* Sources */ = {
			isa = PBXSourcesBuildPhase;
			buildActionMask = 2147483647;
			files = (
				68CCBE4D29E72B3F0029B744 /* ViewController.swift in Sources */,
				68CCBE5D29E72DD10029B744 /* DetailVC.swift in Sources */,
				68CCBE4929E72B3F0029B744 /* AppDelegate.swift in Sources */,
				68CCBE4B29E72B3F0029B744 /* SceneDelegate.swift in Sources */,
			);
			runOnlyForDeploymentPostprocessing = 0;
		};
/* End PBXSourcesBuildPhase section */

/* Begin PBXVariantGroup section */
		68CCBE4E29E72B3F0029B744 /* Main.storyboard */ = {
			isa = PBXVariantGroup;
			children = (
				68CCBE4F29E72B3F0029B744 /* Base */,
			);
			name = Main.storyboard;
			sourceTree = "<group>";
		};
		68CCBE5329E72B420029B744 /* LaunchScreen.storyboard */ = {
			isa = PBXVariantGroup;
			children = (
				68CCBE5429E72B420029B744 /* Base */,
			);
			name = LaunchScreen.storyboard;
			sourceTree = "<group>";
		};
/* End PBXVariantGroup section */

/* Begin XCBuildConfiguration section */
		68CCBE5729E72B420029B744 /* Debug */ = {
			isa = XCBuildConfiguration;
			buildSettings = {
				ALWAYS_SEARCH_USER_PATHS = NO;
				CLANG_ANALYZER_NONNULL = YES;
				CLANG_ANALYZER_NUMBER_OBJECT_CONVERSION = YES_AGGRESSIVE;
				CLANG_CXX_LANGUAGE_STANDARD = "gnu++20";
				CLANG_ENABLE_MODULES = YES;
				CLANG_ENABLE_OBJC_ARC = YES;
				CLANG_ENABLE_OBJC_WEAK = YES;
				CLANG_WARN_BLOCK_CAPTURE_AUTORELEASING = YES;
				CLANG_WARN_BOOL_CONVERSION = YES;
				CLANG_WARN_COMMA = YES;
				CLANG_WARN_CONSTANT_CONVERSION = YES;
				CLANG_WARN_DEPRECATED_OBJC_IMPLEMENTATIONS = YES;
				CLANG_WARN_DIRECT_OBJC_ISA_USAGE = YES_ERROR;
				CLANG_WARN_DOCUMENTATION_COMMENTS = YES;
				CLANG_WARN_EMPTY_BODY = YES;
				CLANG_WARN_ENUM_CONVERSION = YES;
				CLANG_WARN_INFINITE_RECURSION = YES;
				CLANG_WARN_INT_CONVERSION = YES;
				CLANG_WARN_NON_LITERAL_NULL_CONVERSION = YES;
				CLANG_WARN_OBJC_IMPLICIT_RETAIN_SELF = YES;
				CLANG_WARN_OBJC_LITERAL_CONVERSION = YES;
				CLANG_WARN_OBJC_ROOT_CLASS = YES_ERROR;
				CLANG_WARN_QUOTED_INCLUDE_IN_FRAMEWORK_HEADER = YES;
				CLANG_WARN_RANGE_LOOP_ANALYSIS = YES;
				CLANG_WARN_STRICT_PROTOTYPES = YES;
				CLANG_WARN_SUSPICIOUS_MOVE = YES;
				CLANG_WARN_UNGUARDED_AVAILABILITY = YES_AGGRESSIVE;
				CLANG_WARN_UNREACHABLE_CODE = YES;
				CLANG_WARN__DUPLICATE_METHOD_MATCH = YES;
				COPY_PHASE_STRIP = NO;
				DEBUG_INFORMATION_FORMAT = dwarf;
				ENABLE_STRICT_OBJC_MSGSEND = YES;
				ENABLE_TESTABILITY = YES;
				GCC_C_LANGUAGE_STANDARD = gnu11;
				GCC_DYNAMIC_NO_PIC = NO;
				GCC_NO_COMMON_BLOCKS = YES;
				GCC_OPTIMIZATION_LEVEL = 0;
				GCC_PREPROCESSOR_DEFINITIONS = (
					"DEBUG=1",
					"$(inherited)",
				);
				GCC_WARN_64_TO_32_BIT_CONVERSION = YES;
				GCC_WARN_ABOUT_RETURN_TYPE = YES_ERROR;
				GCC_WARN_UNDECLARED_SELECTOR = YES;
				GCC_WARN_UNINITIALIZED_AUTOS = YES_AGGRESSIVE;
				GCC_WARN_UNUSED_FUNCTION = YES;
				GCC_WARN_UNUSED_VARIABLE = YES;
				IPHONEOS_DEPLOYMENT_TARGET = 16.2;
				MTL_ENABLE_DEBUG_INFO = INCLUDE_SOURCE;
				MTL_FAST_MATH = YES;
				ONLY_ACTIVE_ARCH = YES;
				SDKROOT = iphoneos;
				SWIFT_ACTIVE_COMPILATION_CONDITIONS = DEBUG;
				SWIFT_OPTIMIZATION_LEVEL = "-Onone";
			};
			name = Debug;
		};
		68CCBE5829E72B420029B744 /* Release */ = {
			isa = XCBuildConfiguration;
			buildSettings = {
				ALWAYS_SEARCH_USER_PATHS = NO;
				CLANG_ANALYZER_NONNULL = YES;
				CLANG_ANALYZER_NUMBER_OBJECT_CONVERSION = YES_AGGRESSIVE;
				CLANG_CXX_LANGUAGE_STANDARD = "gnu++20";
				CLANG_ENABLE_MODULES = YES;
				CLANG_ENABLE_OBJC_ARC = YES;
				CLANG_ENABLE_OBJC_WEAK = YES;
				CLANG_WARN_BLOCK_CAPTURE_AUTORELEASING = YES;
				CLANG_WARN_BOOL_CONVERSION = YES;
				CLANG_WARN_COMMA = YES;
				CLANG_WARN_CONSTANT_CONVERSION = YES;
				CLANG_WARN_DEPRECATED_OBJC_IMPLEMENTATIONS = YES;
				CLANG_WARN_DIRECT_OBJC_ISA_USAGE = YES_ERROR;
				CLANG_WARN_DOCUMENTATION_COMMENTS = YES;
				CLANG_WARN_EMPTY_BODY = YES;
				CLANG_WARN_ENUM_CONVERSION = YES;
				CLANG_WARN_INFINITE_RECURSION = YES;
				CLANG_WARN_INT_CONVERSION = YES;
				CLANG_WARN_NON_LITERAL_NULL_CONVERSION = YES;
				CLANG_WARN_OBJC_IMPLICIT_RETAIN_SELF = YES;
				CLANG_WARN_OBJC_LITERAL_CONVERSION = YES;
				CLANG_WARN_OBJC_ROOT_CLASS = YES_ERROR;
				CLANG_WARN_QUOTED_INCLUDE_IN_FRAMEWORK_HEADER = YES;
				CLANG_WARN_RANGE_LOOP_ANALYSIS = YES;
				CLANG_WARN_STRICT_PROTOTYPES = YES;
				CLANG_WARN_SUSPICIOUS_MOVE = YES;
				CLANG_WARN_UNGUARDED_AVAILABILITY = YES_AGGRESSIVE;
				CLANG_WARN_UNREACHABLE_CODE = YES;
				CLANG_WARN__DUPLICATE_METHOD_MATCH = YES;
				COPY_PHASE_STRIP = NO;
				DEBUG_INFORMATION_FORMAT = "dwarf-with-dsym";
				ENABLE_NS_ASSERTIONS = NO;
				ENABLE_STRICT_OBJC_MSGSEND = YES;
				GCC_C_LANGUAGE_STANDARD = gnu11;
				GCC_NO_COMMON_BLOCKS = YES;
				GCC_WARN_64_TO_32_BIT_CONVERSION = YES;
				GCC_WARN_ABOUT_RETURN_TYPE = YES_ERROR;
				GCC_WARN_UNDECLARED_SELECTOR = YES;
				GCC_WARN_UNINITIALIZED_AUTOS = YES_AGGRESSIVE;
				GCC_WARN_UNUSED_FUNCTION = YES;
				GCC_WARN_UNUSED_VARIABLE = YES;
				IPHONEOS_DEPLOYMENT_TARGET = 16.2;
				MTL_ENABLE_DEBUG_INFO = NO;
				MTL_FAST_MATH = YES;
				SDKROOT = iphoneos;
				SWIFT_COMPILATION_MODE = wholemodule;
				SWIFT_OPTIMIZATION_LEVEL = "-O";
				VALIDATE_PRODUCT = YES;
			};
			name = Release;
		};
		68CCBE5A29E72B420029B744 /* Debug */ = {
			isa = XCBuildConfiguration;
			buildSettings = {
				ASSETCATALOG_COMPILER_APPICON_NAME = AppIcon;
				ASSETCATALOG_COMPILER_GLOBAL_ACCENT_COLOR_NAME = AccentColor;
				CODE_SIGN_STYLE = Automatic;
				CURRENT_PROJECT_VERSION = 1;
				DEVELOPMENT_TEAM = N455ZDLHP4;
				GENERATE_INFOPLIST_FILE = YES;
				INFOPLIST_FILE = "Milestone_Project_1-3/Info.plist";
				INFOPLIST_KEY_UIApplicationSupportsIndirectInputEvents = YES;
				INFOPLIST_KEY_UILaunchStoryboardName = LaunchScreen;
				INFOPLIST_KEY_UIMainStoryboardFile = Main;
				INFOPLIST_KEY_UISupportedInterfaceOrientations_iPad = "UIInterfaceOrientationPortrait UIInterfaceOrientationPortraitUpsideDown UIInterfaceOrientationLandscapeLeft UIInterfaceOrientationLandscapeRight";
				INFOPLIST_KEY_UISupportedInterfaceOrientations_iPhone = "UIInterfaceOrientationPortrait UIInterfaceOrientationLandscapeLeft UIInterfaceOrientationLandscapeRight";
				LD_RUNPATH_SEARCH_PATHS = (
					"$(inherited)",
					"@executable_path/Frameworks",
				);
				MARKETING_VERSION = 1.0;
				PRODUCT_BUNDLE_IDENTIFIER = "com.marc-anthonymoxey.Milestone-Project-1-3";
				PRODUCT_NAME = "$(TARGET_NAME)";
				SWIFT_EMIT_LOC_STRINGS = YES;
				SWIFT_VERSION = 5.0;
				TARGETED_DEVICE_FAMILY = "1,2";
			};
			name = Debug;
		};
		68CCBE5B29E72B420029B744 /* Release */ = {
			isa = XCBuildConfiguration;
			buildSettings = {
				ASSETCATALOG_COMPILER_APPICON_NAME = AppIcon;
				ASSETCATALOG_COMPILER_GLOBAL_ACCENT_COLOR_NAME = AccentColor;
				CODE_SIGN_STYLE = Automatic;
				CURRENT_PROJECT_VERSION = 1;
				DEVELOPMENT_TEAM = N455ZDLHP4;
				GENERATE_INFOPLIST_FILE = YES;
				INFOPLIST_FILE = "Milestone_Project_1-3/Info.plist";
				INFOPLIST_KEY_UIApplicationSupportsIndirectInputEvents = YES;
				INFOPLIST_KEY_UILaunchStoryboardName = LaunchScreen;
				INFOPLIST_KEY_UIMainStoryboardFile = Main;
				INFOPLIST_KEY_UISupportedInterfaceOrientations_iPad = "UIInterfaceOrientationPortrait UIInterfaceOrientationPortraitUpsideDown UIInterfaceOrientationLandscapeLeft UIInterfaceOrientationLandscapeRight";
				INFOPLIST_KEY_UISupportedInterfaceOrientations_iPhone = "UIInterfaceOrientationPortrait UIInterfaceOrientationLandscapeLeft UIInterfaceOrientationLandscapeRight";
				LD_RUNPATH_SEARCH_PATHS = (
					"$(inherited)",
					"@executable_path/Frameworks",
				);
				MARKETING_VERSION = 1.0;
				PRODUCT_BUNDLE_IDENTIFIER = "com.marc-anthonymoxey.Milestone-Project-1-3";
				PRODUCT_NAME = "$(TARGET_NAME)";
				SWIFT_EMIT_LOC_STRINGS = YES;
				SWIFT_VERSION = 5.0;
				TARGETED_DEVICE_FAMILY = "1,2";
			};
			name = Release;
		};
/* End XCBuildConfiguration section */

/* Begin XCConfigurationList section */
		68CCBE4029E72B3F0029B744 /* Build configuration list for PBXProject "Milestone_Project_1-3" */ = {
			isa = XCConfigurationList;
			buildConfigurations = (
				68CCBE5729E72B420029B744 /* Debug */,
				68CCBE5829E72B420029B744 /* Release */,
			);
			defaultConfigurationIsVisible = 0;
			defaultConfigurationName = Release;
		};
		68CCBE5929E72B420029B744 /* Build configuration list for PBXNativeTarget "Milestone_Project_1-3" */ = {
			isa = XCConfigurationList;
			buildConfigurations = (
				68CCBE5A29E72B420029B744 /* Debug */,
				68CCBE5B29E72B420029B744 /* Release */,
			);
			defaultConfigurationIsVisible = 0;
			defaultConfigurationName = Release;
		};
/* End XCConfigurationList section */
	};
	rootObject = 68CCBE3D29E72B3F0029B744 /* Project object */;
}
